// !$*UTF8*$!
{
	archiveVersion = 1;
	classes = {
	};
	objectVersion = 48;
	objects = {

/* Begin PBXBuildFile section */
		0A4DA4A1204A28AD00167173 /* MapCell.swift in Sources */ = {isa = PBXBuildFile; fileRef = 0A4DA4A0204A28AD00167173 /* MapCell.swift */; };
		0A4DA4A3204A697600167173 /* MapViewController.swift in Sources */ = {isa = PBXBuildFile; fileRef = 0A4DA4A2204A697600167173 /* MapViewController.swift */; };
		0A8BE4C120897B7B001B2B4B /* style.json in Resources */ = {isa = PBXBuildFile; fileRef = 0A8BE4C020897B7B001B2B4B /* style.json */; };
		22FEF640EA0B80EA0A68AE0B /* Pods_Insert_Dreams_Here.framework in Frameworks */ = {isa = PBXBuildFile; fileRef = ADA691EFCF3E92F028B57DFC /* Pods_Insert_Dreams_Here.framework */; };
		44677E45024E462971F0AA80 /* Pods_Insert_Dreams_HereTests.framework in Frameworks */ = {isa = PBXBuildFile; fileRef = 9F1C7FA1FA516BCB9028A1EC /* Pods_Insert_Dreams_HereTests.framework */; };
		80294456204A207F00FE7A60 /* ProfileViewController.swift in Sources */ = {isa = PBXBuildFile; fileRef = 80294455204A207F00FE7A60 /* ProfileViewController.swift */; };
		80294458204A216600FE7A60 /* DreamCell.swift in Sources */ = {isa = PBXBuildFile; fileRef = 80294457204A216600FE7A60 /* DreamCell.swift */; };
		80BD4670207C1CB900DA3D1F /* Profile.swift in Sources */ = {isa = PBXBuildFile; fileRef = 80BD466F207C1CB900DA3D1F /* Profile.swift */; };
		DB062CBC204A199300357BA3 /* AppDelegate.swift in Sources */ = {isa = PBXBuildFile; fileRef = DB062CBB204A199300357BA3 /* AppDelegate.swift */; };
		DB062CC1204A199300357BA3 /* Main.storyboard in Resources */ = {isa = PBXBuildFile; fileRef = DB062CBF204A199300357BA3 /* Main.storyboard */; };
		DB062CC3204A199300357BA3 /* Assets.xcassets in Resources */ = {isa = PBXBuildFile; fileRef = DB062CC2204A199300357BA3 /* Assets.xcassets */; };
		DB062CC6204A199300357BA3 /* LaunchScreen.storyboard in Resources */ = {isa = PBXBuildFile; fileRef = DB062CC4204A199300357BA3 /* LaunchScreen.storyboard */; };
		DB062CD1204A199300357BA3 /* Insert_Dreams_HereTests.swift in Sources */ = {isa = PBXBuildFile; fileRef = DB062CD0204A199300357BA3 /* Insert_Dreams_HereTests.swift */; };
		DB062CDC204A199300357BA3 /* Insert_Dreams_HereUITests.swift in Sources */ = {isa = PBXBuildFile; fileRef = DB062CDB204A199300357BA3 /* Insert_Dreams_HereUITests.swift */; };
		DB062CEA204A1B5100357BA3 /* LoginViewController.swift in Sources */ = {isa = PBXBuildFile; fileRef = DB062CE9204A1B5100357BA3 /* LoginViewController.swift */; };
		DB062CEC204A3E1700357BA3 /* ComposeViewController.swift in Sources */ = {isa = PBXBuildFile; fileRef = DB062CEB204A3E1700357BA3 /* ComposeViewController.swift */; };
		DB2EC37C206F77A1001141C1 /* Dream.swift in Sources */ = {isa = PBXBuildFile; fileRef = DB2EC37B206F77A1001141C1 /* Dream.swift */; };
		DB2EC37E206F77AF001141C1 /* User.swift in Sources */ = {isa = PBXBuildFile; fileRef = DB2EC37D206F77AF001141C1 /* User.swift */; };
		F8B5DDC7D2741BD4CE29F5A8 /* Pods_Insert_Dreams_HereUITests.framework in Frameworks */ = {isa = PBXBuildFile; fileRef = 019599D3F9ED8B7E453D28EA /* Pods_Insert_Dreams_HereUITests.framework */; };
/* End PBXBuildFile section */

/* Begin PBXContainerItemProxy section */
		DB062CCD204A199300357BA3 /* PBXContainerItemProxy */ = {
			isa = PBXContainerItemProxy;
			containerPortal = DB062CB0204A199300357BA3 /* Project object */;
			proxyType = 1;
			remoteGlobalIDString = DB062CB7204A199300357BA3;
			remoteInfo = "Insert Dreams Here";
		};
		DB062CD8204A199300357BA3 /* PBXContainerItemProxy */ = {
			isa = PBXContainerItemProxy;
			containerPortal = DB062CB0204A199300357BA3 /* Project object */;
			proxyType = 1;
			remoteGlobalIDString = DB062CB7204A199300357BA3;
			remoteInfo = "Insert Dreams Here";
		};
/* End PBXContainerItemProxy section */

/* Begin PBXFileReference section */
		019599D3F9ED8B7E453D28EA /* Pods_Insert_Dreams_HereUITests.framework */ = {isa = PBXFileReference; explicitFileType = wrapper.framework; includeInIndex = 0; path = Pods_Insert_Dreams_HereUITests.framework; sourceTree = BUILT_PRODUCTS_DIR; };
		0A4DA4A0204A28AD00167173 /* MapCell.swift */ = {isa = PBXFileReference; lastKnownFileType = sourcecode.swift; path = MapCell.swift; sourceTree = "<group>"; };
		0A4DA4A2204A697600167173 /* MapViewController.swift */ = {isa = PBXFileReference; lastKnownFileType = sourcecode.swift; path = MapViewController.swift; sourceTree = "<group>"; };
		0A8BE4C020897B7B001B2B4B /* style.json */ = {isa = PBXFileReference; fileEncoding = 4; lastKnownFileType = text.json; path = style.json; sourceTree = "<group>"; };
		2403FBCE0F1C82112AC14603 /* Pods-Insert Dreams Here.release.xcconfig */ = {isa = PBXFileReference; includeInIndex = 1; lastKnownFileType = text.xcconfig; name = "Pods-Insert Dreams Here.release.xcconfig"; path = "Pods/Target Support Files/Pods-Insert Dreams Here/Pods-Insert Dreams Here.release.xcconfig"; sourceTree = "<group>"; };
		637436C6D181561832830E77 /* Pods-Insert Dreams HereTests.debug.xcconfig */ = {isa = PBXFileReference; includeInIndex = 1; lastKnownFileType = text.xcconfig; name = "Pods-Insert Dreams HereTests.debug.xcconfig"; path = "Pods/Target Support Files/Pods-Insert Dreams HereTests/Pods-Insert Dreams HereTests.debug.xcconfig"; sourceTree = "<group>"; };
		80294455204A207F00FE7A60 /* ProfileViewController.swift */ = {isa = PBXFileReference; lastKnownFileType = sourcecode.swift; path = ProfileViewController.swift; sourceTree = "<group>"; };
		80294457204A216600FE7A60 /* DreamCell.swift */ = {isa = PBXFileReference; lastKnownFileType = sourcecode.swift; path = DreamCell.swift; sourceTree = "<group>"; };
		80BD466F207C1CB900DA3D1F /* Profile.swift */ = {isa = PBXFileReference; lastKnownFileType = sourcecode.swift; path = Profile.swift; sourceTree = "<group>"; };
		9262B85A230A10B584687066 /* Pods-Insert Dreams HereUITests.debug.xcconfig */ = {isa = PBXFileReference; includeInIndex = 1; lastKnownFileType = text.xcconfig; name = "Pods-Insert Dreams HereUITests.debug.xcconfig"; path = "Pods/Target Support Files/Pods-Insert Dreams HereUITests/Pods-Insert Dreams HereUITests.debug.xcconfig"; sourceTree = "<group>"; };
		9F1C7FA1FA516BCB9028A1EC /* Pods_Insert_Dreams_HereTests.framework */ = {isa = PBXFileReference; explicitFileType = wrapper.framework; includeInIndex = 0; path = Pods_Insert_Dreams_HereTests.framework; sourceTree = BUILT_PRODUCTS_DIR; };
		ADA691EFCF3E92F028B57DFC /* Pods_Insert_Dreams_Here.framework */ = {isa = PBXFileReference; explicitFileType = wrapper.framework; includeInIndex = 0; path = Pods_Insert_Dreams_Here.framework; sourceTree = BUILT_PRODUCTS_DIR; };
		BDB17A6DA4F6E1CCAEC97130 /* Pods-Insert Dreams HereTests.release.xcconfig */ = {isa = PBXFileReference; includeInIndex = 1; lastKnownFileType = text.xcconfig; name = "Pods-Insert Dreams HereTests.release.xcconfig"; path = "Pods/Target Support Files/Pods-Insert Dreams HereTests/Pods-Insert Dreams HereTests.release.xcconfig"; sourceTree = "<group>"; };
		CEB2A8244B1F2FDEF04C0DA7 /* Pods-Insert Dreams Here.debug.xcconfig */ = {isa = PBXFileReference; includeInIndex = 1; lastKnownFileType = text.xcconfig; name = "Pods-Insert Dreams Here.debug.xcconfig"; path = "Pods/Target Support Files/Pods-Insert Dreams Here/Pods-Insert Dreams Here.debug.xcconfig"; sourceTree = "<group>"; };
		DB062CB8204A199300357BA3 /* Insert Dreams Here.app */ = {isa = PBXFileReference; explicitFileType = wrapper.application; includeInIndex = 0; path = "Insert Dreams Here.app"; sourceTree = BUILT_PRODUCTS_DIR; };
		DB062CBB204A199300357BA3 /* AppDelegate.swift */ = {isa = PBXFileReference; lastKnownFileType = sourcecode.swift; path = AppDelegate.swift; sourceTree = "<group>"; };
		DB062CC0204A199300357BA3 /* Base */ = {isa = PBXFileReference; lastKnownFileType = file.storyboard; name = Base; path = Base.lproj/Main.storyboard; sourceTree = "<group>"; };
		DB062CC2204A199300357BA3 /* Assets.xcassets */ = {isa = PBXFileReference; lastKnownFileType = folder.assetcatalog; path = Assets.xcassets; sourceTree = "<group>"; };
		DB062CC5204A199300357BA3 /* Base */ = {isa = PBXFileReference; lastKnownFileType = file.storyboard; name = Base; path = Base.lproj/LaunchScreen.storyboard; sourceTree = "<group>"; };
		DB062CC7204A199300357BA3 /* Info.plist */ = {isa = PBXFileReference; lastKnownFileType = text.plist.xml; path = Info.plist; sourceTree = "<group>"; };
		DB062CCC204A199300357BA3 /* Insert Dreams HereTests.xctest */ = {isa = PBXFileReference; explicitFileType = wrapper.cfbundle; includeInIndex = 0; path = "Insert Dreams HereTests.xctest"; sourceTree = BUILT_PRODUCTS_DIR; };
		DB062CD0204A199300357BA3 /* Insert_Dreams_HereTests.swift */ = {isa = PBXFileReference; lastKnownFileType = sourcecode.swift; path = Insert_Dreams_HereTests.swift; sourceTree = "<group>"; };
		DB062CD2204A199300357BA3 /* Info.plist */ = {isa = PBXFileReference; lastKnownFileType = text.plist.xml; path = Info.plist; sourceTree = "<group>"; };
		DB062CD7204A199300357BA3 /* Insert Dreams HereUITests.xctest */ = {isa = PBXFileReference; explicitFileType = wrapper.cfbundle; includeInIndex = 0; path = "Insert Dreams HereUITests.xctest"; sourceTree = BUILT_PRODUCTS_DIR; };
		DB062CDB204A199300357BA3 /* Insert_Dreams_HereUITests.swift */ = {isa = PBXFileReference; lastKnownFileType = sourcecode.swift; path = Insert_Dreams_HereUITests.swift; sourceTree = "<group>"; };
		DB062CDD204A199300357BA3 /* Info.plist */ = {isa = PBXFileReference; lastKnownFileType = text.plist.xml; path = Info.plist; sourceTree = "<group>"; };
		DB062CE9204A1B5100357BA3 /* LoginViewController.swift */ = {isa = PBXFileReference; lastKnownFileType = sourcecode.swift; path = LoginViewController.swift; sourceTree = "<group>"; };
		DB062CEB204A3E1700357BA3 /* ComposeViewController.swift */ = {isa = PBXFileReference; lastKnownFileType = sourcecode.swift; path = ComposeViewController.swift; sourceTree = "<group>"; };
		DB2EC37B206F77A1001141C1 /* Dream.swift */ = {isa = PBXFileReference; lastKnownFileType = sourcecode.swift; path = Dream.swift; sourceTree = "<group>"; };
		DB2EC37D206F77AF001141C1 /* User.swift */ = {isa = PBXFileReference; lastKnownFileType = sourcecode.swift; path = User.swift; sourceTree = "<group>"; };
		FBF544380C17CC80B6CE0A6F /* Pods-Insert Dreams HereUITests.release.xcconfig */ = {isa = PBXFileReference; includeInIndex = 1; lastKnownFileType = text.xcconfig; name = "Pods-Insert Dreams HereUITests.release.xcconfig"; path = "Pods/Target Support Files/Pods-Insert Dreams HereUITests/Pods-Insert Dreams HereUITests.release.xcconfig"; sourceTree = "<group>"; };
/* End PBXFileReference section */

/* Begin PBXFrameworksBuildPhase section */
		DB062CB5204A199300357BA3 /* Frameworks */ = {
			isa = PBXFrameworksBuildPhase;
			buildActionMask = 2147483647;
			files = (
				22FEF640EA0B80EA0A68AE0B /* Pods_Insert_Dreams_Here.framework in Frameworks */,
			);
			runOnlyForDeploymentPostprocessing = 0;
		};
		DB062CC9204A199300357BA3 /* Frameworks */ = {
			isa = PBXFrameworksBuildPhase;
			buildActionMask = 2147483647;
			files = (
				44677E45024E462971F0AA80 /* Pods_Insert_Dreams_HereTests.framework in Frameworks */,
			);
			runOnlyForDeploymentPostprocessing = 0;
		};
		DB062CD4204A199300357BA3 /* Frameworks */ = {
			isa = PBXFrameworksBuildPhase;
			buildActionMask = 2147483647;
			files = (
				F8B5DDC7D2741BD4CE29F5A8 /* Pods_Insert_Dreams_HereUITests.framework in Frameworks */,
			);
			runOnlyForDeploymentPostprocessing = 0;
		};
/* End PBXFrameworksBuildPhase section */

/* Begin PBXGroup section */
		5E5C478451CAE8C593B289A7 /* Pods */ = {
			isa = PBXGroup;
			children = (
				CEB2A8244B1F2FDEF04C0DA7 /* Pods-Insert Dreams Here.debug.xcconfig */,
				2403FBCE0F1C82112AC14603 /* Pods-Insert Dreams Here.release.xcconfig */,
				637436C6D181561832830E77 /* Pods-Insert Dreams HereTests.debug.xcconfig */,
				BDB17A6DA4F6E1CCAEC97130 /* Pods-Insert Dreams HereTests.release.xcconfig */,
				9262B85A230A10B584687066 /* Pods-Insert Dreams HereUITests.debug.xcconfig */,
				FBF544380C17CC80B6CE0A6F /* Pods-Insert Dreams HereUITests.release.xcconfig */,
			);
			name = Pods;
			sourceTree = "<group>";
		};
		727FB7FAB4D684E60948FF90 /* Frameworks */ = {
			isa = PBXGroup;
			children = (
				ADA691EFCF3E92F028B57DFC /* Pods_Insert_Dreams_Here.framework */,
				9F1C7FA1FA516BCB9028A1EC /* Pods_Insert_Dreams_HereTests.framework */,
				019599D3F9ED8B7E453D28EA /* Pods_Insert_Dreams_HereUITests.framework */,
			);
			name = Frameworks;
			sourceTree = "<group>";
		};
		DB062CAF204A199300357BA3 = {
			isa = PBXGroup;
			children = (
				DB062CBA204A199300357BA3 /* Insert Dreams Here */,
				DB062CCF204A199300357BA3 /* Insert Dreams HereTests */,
				DB062CDA204A199300357BA3 /* Insert Dreams HereUITests */,
				DB062CB9204A199300357BA3 /* Products */,
				5E5C478451CAE8C593B289A7 /* Pods */,
				727FB7FAB4D684E60948FF90 /* Frameworks */,
			);
			sourceTree = "<group>";
		};
		DB062CB9204A199300357BA3 /* Products */ = {
			isa = PBXGroup;
			children = (
				DB062CB8204A199300357BA3 /* Insert Dreams Here.app */,
				DB062CCC204A199300357BA3 /* Insert Dreams HereTests.xctest */,
				DB062CD7204A199300357BA3 /* Insert Dreams HereUITests.xctest */,
			);
			name = Products;
			sourceTree = "<group>";
		};
		DB062CBA204A199300357BA3 /* Insert Dreams Here */ = {
			isa = PBXGroup;
			children = (
				DB2EC379206F76FF001141C1 /* Model */,
				DB2EC378206F76EF001141C1 /* View */,
				DB2EC377206F76DD001141C1 /* ViewController */,
				DB062CBB204A199300357BA3 /* AppDelegate.swift */,
				DB062CBF204A199300357BA3 /* Main.storyboard */,
				DB062CC4204A199300357BA3 /* LaunchScreen.storyboard */,
				DB062CC2204A199300357BA3 /* Assets.xcassets */,
				DB062CC7204A199300357BA3 /* Info.plist */,
			);
			path = "Insert Dreams Here";
			sourceTree = "<group>";
		};
		DB062CCF204A199300357BA3 /* Insert Dreams HereTests */ = {
			isa = PBXGroup;
			children = (
				DB062CD0204A199300357BA3 /* Insert_Dreams_HereTests.swift */,
				DB062CD2204A199300357BA3 /* Info.plist */,
			);
			path = "Insert Dreams HereTests";
			sourceTree = "<group>";
		};
		DB062CDA204A199300357BA3 /* Insert Dreams HereUITests */ = {
			isa = PBXGroup;
			children = (
				DB062CDB204A199300357BA3 /* Insert_Dreams_HereUITests.swift */,
				DB062CDD204A199300357BA3 /* Info.plist */,
			);
			path = "Insert Dreams HereUITests";
			sourceTree = "<group>";
		};
		DB2EC377206F76DD001141C1 /* ViewController */ = {
			isa = PBXGroup;
			children = (
				DB062CE9204A1B5100357BA3 /* LoginViewController.swift */,
				DB062CEB204A3E1700357BA3 /* ComposeViewController.swift */,
				0A4DA4A2204A697600167173 /* MapViewController.swift */,
				80294455204A207F00FE7A60 /* ProfileViewController.swift */,
			);
			path = ViewController;
			sourceTree = "<group>";
		};
		DB2EC378206F76EF001141C1 /* View */ = {
			isa = PBXGroup;
			children = (
				0A4DA4A0204A28AD00167173 /* MapCell.swift */,
				80294457204A216600FE7A60 /* DreamCell.swift */,
			);
			path = View;
			sourceTree = "<group>";
		};
		DB2EC379206F76FF001141C1 /* Model */ = {
			isa = PBXGroup;
			children = (
				0A8BE4C020897B7B001B2B4B /* style.json */,
				DB2EC37B206F77A1001141C1 /* Dream.swift */,
				DB2EC37D206F77AF001141C1 /* User.swift */,
				80BD466F207C1CB900DA3D1F /* Profile.swift */,
			);
			path = Model;
			sourceTree = "<group>";
		};
/* End PBXGroup section */

/* Begin PBXNativeTarget section */
		DB062CB7204A199300357BA3 /* Insert Dreams Here */ = {
			isa = PBXNativeTarget;
			buildConfigurationList = DB062CE0204A199300357BA3 /* Build configuration list for PBXNativeTarget "Insert Dreams Here" */;
			buildPhases = (
				68BC0149D29B1F44F49C989A /* [CP] Check Pods Manifest.lock */,
				DB062CB4204A199300357BA3 /* Sources */,
				DB062CB5204A199300357BA3 /* Frameworks */,
				DB062CB6204A199300357BA3 /* Resources */,
				84063DD241135E6D1D3673E4 /* [CP] Embed Pods Frameworks */,
				505F9EEC8F46CB4F949FB288 /* [CP] Copy Pods Resources */,
			);
			buildRules = (
			);
			dependencies = (
			);
			name = "Insert Dreams Here";
			productName = "Insert Dreams Here";
			productReference = DB062CB8204A199300357BA3 /* Insert Dreams Here.app */;
			productType = "com.apple.product-type.application";
		};
		DB062CCB204A199300357BA3 /* Insert Dreams HereTests */ = {
			isa = PBXNativeTarget;
			buildConfigurationList = DB062CE3204A199300357BA3 /* Build configuration list for PBXNativeTarget "Insert Dreams HereTests" */;
			buildPhases = (
				94704EA8C28DA57A083FC499 /* [CP] Check Pods Manifest.lock */,
				DB062CC8204A199300357BA3 /* Sources */,
				DB062CC9204A199300357BA3 /* Frameworks */,
				DB062CCA204A199300357BA3 /* Resources */,
				6C719BECEAEA716CC45B4AE3 /* [CP] Embed Pods Frameworks */,
				ADEC64A9FCA2301B91F6795E /* [CP] Copy Pods Resources */,
			);
			buildRules = (
			);
			dependencies = (
				DB062CCE204A199300357BA3 /* PBXTargetDependency */,
			);
			name = "Insert Dreams HereTests";
			productName = "Insert Dreams HereTests";
			productReference = DB062CCC204A199300357BA3 /* Insert Dreams HereTests.xctest */;
			productType = "com.apple.product-type.bundle.unit-test";
		};
		DB062CD6204A199300357BA3 /* Insert Dreams HereUITests */ = {
			isa = PBXNativeTarget;
			buildConfigurationList = DB062CE6204A199300357BA3 /* Build configuration list for PBXNativeTarget "Insert Dreams HereUITests" */;
			buildPhases = (
				B68B67BAEB1CA7B0FD6B2305 /* [CP] Check Pods Manifest.lock */,
				DB062CD3204A199300357BA3 /* Sources */,
				DB062CD4204A199300357BA3 /* Frameworks */,
				DB062CD5204A199300357BA3 /* Resources */,
				BA0285054B5480825F58730B /* [CP] Embed Pods Frameworks */,
				6430043F480DC8603BF8044C /* [CP] Copy Pods Resources */,
			);
			buildRules = (
			);
			dependencies = (
				DB062CD9204A199300357BA3 /* PBXTargetDependency */,
			);
			name = "Insert Dreams HereUITests";
			productName = "Insert Dreams HereUITests";
			productReference = DB062CD7204A199300357BA3 /* Insert Dreams HereUITests.xctest */;
			productType = "com.apple.product-type.bundle.ui-testing";
		};
/* End PBXNativeTarget section */

/* Begin PBXProject section */
		DB062CB0204A199300357BA3 /* Project object */ = {
			isa = PBXProject;
			attributes = {
				LastSwiftUpdateCheck = 0920;
				LastUpgradeCheck = 0920;
				ORGANIZATIONNAME = "Mavey Ma";
				TargetAttributes = {
					DB062CB7204A199300357BA3 = {
						CreatedOnToolsVersion = 9.2;
						ProvisioningStyle = Automatic;
					};
					DB062CCB204A199300357BA3 = {
						CreatedOnToolsVersion = 9.2;
						ProvisioningStyle = Automatic;
						TestTargetID = DB062CB7204A199300357BA3;
					};
					DB062CD6204A199300357BA3 = {
						CreatedOnToolsVersion = 9.2;
						ProvisioningStyle = Automatic;
						TestTargetID = DB062CB7204A199300357BA3;
					};
				};
			};
			buildConfigurationList = DB062CB3204A199300357BA3 /* Build configuration list for PBXProject "Insert Dreams Here" */;
			compatibilityVersion = "Xcode 8.0";
			developmentRegion = en;
			hasScannedForEncodings = 0;
			knownRegions = (
				en,
				Base,
			);
			mainGroup = DB062CAF204A199300357BA3;
			productRefGroup = DB062CB9204A199300357BA3 /* Products */;
			projectDirPath = "";
			projectRoot = "";
			targets = (
				DB062CB7204A199300357BA3 /* Insert Dreams Here */,
				DB062CCB204A199300357BA3 /* Insert Dreams HereTests */,
				DB062CD6204A199300357BA3 /* Insert Dreams HereUITests */,
			);
		};
/* End PBXProject section */

/* Begin PBXResourcesBuildPhase section */
		DB062CB6204A199300357BA3 /* Resources */ = {
			isa = PBXResourcesBuildPhase;
			buildActionMask = 2147483647;
			files = (
				DB062CC6204A199300357BA3 /* LaunchScreen.storyboard in Resources */,
				DB062CC3204A199300357BA3 /* Assets.xcassets in Resources */,
				DB062CC1204A199300357BA3 /* Main.storyboard in Resources */,
				0A8BE4C120897B7B001B2B4B /* style.json in Resources */,
			);
			runOnlyForDeploymentPostprocessing = 0;
		};
		DB062CCA204A199300357BA3 /* Resources */ = {
			isa = PBXResourcesBuildPhase;
			buildActionMask = 2147483647;
			files = (
			);
			runOnlyForDeploymentPostprocessing = 0;
		};
		DB062CD5204A199300357BA3 /* Resources */ = {
			isa = PBXResourcesBuildPhase;
			buildActionMask = 2147483647;
			files = (
			);
			runOnlyForDeploymentPostprocessing = 0;
		};
/* End PBXResourcesBuildPhase section */

/* Begin PBXShellScriptBuildPhase section */
		505F9EEC8F46CB4F949FB288 /* [CP] Copy Pods Resources */ = {
			isa = PBXShellScriptBuildPhase;
			buildActionMask = 2147483647;
			files = (
			);
			inputPaths = (
				"${SRCROOT}/Pods/Target Support Files/Pods-Insert Dreams Here/Pods-Insert Dreams Here-resources.sh",
				"${PODS_ROOT}/GoogleMaps/Maps/Frameworks/GoogleMaps.framework/Resources/GoogleMaps.bundle",
				"${PODS_ROOT}/GooglePlaces/Frameworks/GooglePlaces.framework/Resources/GooglePlaces.bundle",
			);
			name = "[CP] Copy Pods Resources";
			outputPaths = (
				"${TARGET_BUILD_DIR}/${UNLOCALIZED_RESOURCES_FOLDER_PATH}/GoogleMaps.bundle",
				"${TARGET_BUILD_DIR}/${UNLOCALIZED_RESOURCES_FOLDER_PATH}/GooglePlaces.bundle",
			);
			runOnlyForDeploymentPostprocessing = 0;
			shellPath = /bin/sh;
			shellScript = "\"${SRCROOT}/Pods/Target Support Files/Pods-Insert Dreams Here/Pods-Insert Dreams Here-resources.sh\"\n";
			showEnvVarsInLog = 0;
		};
		6430043F480DC8603BF8044C /* [CP] Copy Pods Resources */ = {
			isa = PBXShellScriptBuildPhase;
			buildActionMask = 2147483647;
			files = (
			);
			inputPaths = (
			);
			name = "[CP] Copy Pods Resources";
			outputPaths = (
			);
			runOnlyForDeploymentPostprocessing = 0;
			shellPath = /bin/sh;
			shellScript = "\"${SRCROOT}/Pods/Target Support Files/Pods-Insert Dreams HereUITests/Pods-Insert Dreams HereUITests-resources.sh\"\n";
			showEnvVarsInLog = 0;
		};
		68BC0149D29B1F44F49C989A /* [CP] Check Pods Manifest.lock */ = {
			isa = PBXShellScriptBuildPhase;
			buildActionMask = 2147483647;
			files = (
			);
			inputPaths = (
				"${PODS_PODFILE_DIR_PATH}/Podfile.lock",
				"${PODS_ROOT}/Manifest.lock",
			);
			name = "[CP] Check Pods Manifest.lock";
			outputPaths = (
				"$(DERIVED_FILE_DIR)/Pods-Insert Dreams Here-checkManifestLockResult.txt",
			);
			runOnlyForDeploymentPostprocessing = 0;
			shellPath = /bin/sh;
			shellScript = "diff \"${PODS_PODFILE_DIR_PATH}/Podfile.lock\" \"${PODS_ROOT}/Manifest.lock\" > /dev/null\nif [ $? != 0 ] ; then\n    # print error to STDERR\n    echo \"error: The sandbox is not in sync with the Podfile.lock. Run 'pod install' or update your CocoaPods installation.\" >&2\n    exit 1\nfi\n# This output is used by Xcode 'outputs' to avoid re-running this script phase.\necho \"SUCCESS\" > \"${SCRIPT_OUTPUT_FILE_0}\"\n";
			showEnvVarsInLog = 0;
		};
		6C719BECEAEA716CC45B4AE3 /* [CP] Embed Pods Frameworks */ = {
			isa = PBXShellScriptBuildPhase;
			buildActionMask = 2147483647;
			files = (
			);
			inputPaths = (
			);
			name = "[CP] Embed Pods Frameworks";
			outputPaths = (
			);
			runOnlyForDeploymentPostprocessing = 0;
			shellPath = /bin/sh;
			shellScript = "\"${SRCROOT}/Pods/Target Support Files/Pods-Insert Dreams HereTests/Pods-Insert Dreams HereTests-frameworks.sh\"\n";
			showEnvVarsInLog = 0;
		};
		84063DD241135E6D1D3673E4 /* [CP] Embed Pods Frameworks */ = {
			isa = PBXShellScriptBuildPhase;
			buildActionMask = 2147483647;
			files = (
			);
			inputPaths = (
				"${SRCROOT}/Pods/Target Support Files/Pods-Insert Dreams Here/Pods-Insert Dreams Here-frameworks.sh",
				"${BUILT_PRODUCTS_DIR}/Bolts/Bolts.framework",
				"${BUILT_PRODUCTS_DIR}/Parse/Parse.framework",
				"${BUILT_PRODUCTS_DIR}/RSKPlaceholderTextView/RSKPlaceholderTextView.framework",
			);
			name = "[CP] Embed Pods Frameworks";
			outputPaths = (
				"${TARGET_BUILD_DIR}/${FRAMEWORKS_FOLDER_PATH}/Bolts.framework",
				"${TARGET_BUILD_DIR}/${FRAMEWORKS_FOLDER_PATH}/Parse.framework",
				"${TARGET_BUILD_DIR}/${FRAMEWORKS_FOLDER_PATH}/RSKPlaceholderTextView.framework",
			);
			runOnlyForDeploymentPostprocessing = 0;
			shellPath = /bin/sh;
			shellScript = "\"${SRCROOT}/Pods/Target Support Files/Pods-Insert Dreams Here/Pods-Insert Dreams Here-frameworks.sh\"\n";
			showEnvVarsInLog = 0;
		};
		94704EA8C28DA57A083FC499 /* [CP] Check Pods Manifest.lock */ = {
			isa = PBXShellScriptBuildPhase;
			buildActionMask = 2147483647;
			files = (
			);
			inputPaths = (
				"${PODS_PODFILE_DIR_PATH}/Podfile.lock",
				"${PODS_ROOT}/Manifest.lock",
			);
			name = "[CP] Check Pods Manifest.lock";
			outputPaths = (
				"$(DERIVED_FILE_DIR)/Pods-Insert Dreams HereTests-checkManifestLockResult.txt",
			);
			runOnlyForDeploymentPostprocessing = 0;
			shellPath = /bin/sh;
			shellScript = "diff \"${PODS_PODFILE_DIR_PATH}/Podfile.lock\" \"${PODS_ROOT}/Manifest.lock\" > /dev/null\nif [ $? != 0 ] ; then\n    # print error to STDERR\n    echo \"error: The sandbox is not in sync with the Podfile.lock. Run 'pod install' or update your CocoaPods installation.\" >&2\n    exit 1\nfi\n# This output is used by Xcode 'outputs' to avoid re-running this script phase.\necho \"SUCCESS\" > \"${SCRIPT_OUTPUT_FILE_0}\"\n";
			showEnvVarsInLog = 0;
		};
		ADEC64A9FCA2301B91F6795E /* [CP] Copy Pods Resources */ = {
			isa = PBXShellScriptBuildPhase;
			buildActionMask = 2147483647;
			files = (
			);
			inputPaths = (
			);
			name = "[CP] Copy Pods Resources";
			outputPaths = (
			);
			runOnlyForDeploymentPostprocessing = 0;
			shellPath = /bin/sh;
			shellScript = "\"${SRCROOT}/Pods/Target Support Files/Pods-Insert Dreams HereTests/Pods-Insert Dreams HereTests-resources.sh\"\n";
			showEnvVarsInLog = 0;
		};
		B68B67BAEB1CA7B0FD6B2305 /* [CP] Check Pods Manifest.lock */ = {
			isa = PBXShellScriptBuildPhase;
			buildActionMask = 2147483647;
			files = (
			);
			inputPaths = (
				"${PODS_PODFILE_DIR_PATH}/Podfile.lock",
				"${PODS_ROOT}/Manifest.lock",
			);
			name = "[CP] Check Pods Manifest.lock";
			outputPaths = (
				"$(DERIVED_FILE_DIR)/Pods-Insert Dreams HereUITests-checkManifestLockResult.txt",
			);
			runOnlyForDeploymentPostprocessing = 0;
			shellPath = /bin/sh;
			shellScript = "diff \"${PODS_PODFILE_DIR_PATH}/Podfile.lock\" \"${PODS_ROOT}/Manifest.lock\" > /dev/null\nif [ $? != 0 ] ; then\n    # print error to STDERR\n    echo \"error: The sandbox is not in sync with the Podfile.lock. Run 'pod install' or update your CocoaPods installation.\" >&2\n    exit 1\nfi\n# This output is used by Xcode 'outputs' to avoid re-running this script phase.\necho \"SUCCESS\" > \"${SCRIPT_OUTPUT_FILE_0}\"\n";
			showEnvVarsInLog = 0;
		};
		BA0285054B5480825F58730B /* [CP] Embed Pods Frameworks */ = {
			isa = PBXShellScriptBuildPhase;
			buildActionMask = 2147483647;
			files = (
			);
			inputPaths = (
			);
			name = "[CP] Embed Pods Frameworks";
			outputPaths = (
			);
			runOnlyForDeploymentPostprocessing = 0;
			shellPath = /bin/sh;
			shellScript = "\"${SRCROOT}/Pods/Target Support Files/Pods-Insert Dreams HereUITests/Pods-Insert Dreams HereUITests-frameworks.sh\"\n";
			showEnvVarsInLog = 0;
		};
/* End PBXShellScriptBuildPhase section */

/* Begin PBXSourcesBuildPhase section */
		DB062CB4204A199300357BA3 /* Sources */ = {
			isa = PBXSourcesBuildPhase;
			buildActionMask = 2147483647;
			files = (
				DB062CEA204A1B5100357BA3 /* LoginViewController.swift in Sources */,
				80BD4670207C1CB900DA3D1F /* Profile.swift in Sources */,
				0A4DA4A1204A28AD00167173 /* MapCell.swift in Sources */,
				0A4DA4A3204A697600167173 /* MapViewController.swift in Sources */,
				80294456204A207F00FE7A60 /* ProfileViewController.swift in Sources */,
				80294458204A216600FE7A60 /* DreamCell.swift in Sources */,
				DB2EC37E206F77AF001141C1 /* User.swift in Sources */,
				DB062CBC204A199300357BA3 /* AppDelegate.swift in Sources */,
				DB062CEC204A3E1700357BA3 /* ComposeViewController.swift in Sources */,
				DB2EC37C206F77A1001141C1 /* Dream.swift in Sources */,
			);
			runOnlyForDeploymentPostprocessing = 0;
		};
		DB062CC8204A199300357BA3 /* Sources */ = {
			isa = PBXSourcesBuildPhase;
			buildActionMask = 2147483647;
			files = (
				DB062CD1204A199300357BA3 /* Insert_Dreams_HereTests.swift in Sources */,
			);
			runOnlyForDeploymentPostprocessing = 0;
		};
		DB062CD3204A199300357BA3 /* Sources */ = {
			isa = PBXSourcesBuildPhase;
			buildActionMask = 2147483647;
			files = (
				DB062CDC204A199300357BA3 /* Insert_Dreams_HereUITests.swift in Sources */,
			);
			runOnlyForDeploymentPostprocessing = 0;
		};
/* End PBXSourcesBuildPhase section */

/* Begin PBXTargetDependency section */
		DB062CCE204A199300357BA3 /* PBXTargetDependency */ = {
			isa = PBXTargetDependency;
			target = DB062CB7204A199300357BA3 /* Insert Dreams Here */;
			targetProxy = DB062CCD204A199300357BA3 /* PBXContainerItemProxy */;
		};
		DB062CD9204A199300357BA3 /* PBXTargetDependency */ = {
			isa = PBXTargetDependency;
			target = DB062CB7204A199300357BA3 /* Insert Dreams Here */;
			targetProxy = DB062CD8204A199300357BA3 /* PBXContainerItemProxy */;
		};
/* End PBXTargetDependency section */

/* Begin PBXVariantGroup section */
		DB062CBF204A199300357BA3 /* Main.storyboard */ = {
			isa = PBXVariantGroup;
			children = (
				DB062CC0204A199300357BA3 /* Base */,
			);
			name = Main.storyboard;
			sourceTree = "<group>";
		};
		DB062CC4204A199300357BA3 /* LaunchScreen.storyboard */ = {
			isa = PBXVariantGroup;
			children = (
				DB062CC5204A199300357BA3 /* Base */,
			);
			name = LaunchScreen.storyboard;
			sourceTree = "<group>";
		};
/* End PBXVariantGroup section */

/* Begin XCBuildConfiguration section */
		DB062CDE204A199300357BA3 /* Debug */ = {
			isa = XCBuildConfiguration;
			buildSettings = {
				ALWAYS_SEARCH_USER_PATHS = NO;
				CLANG_ANALYZER_NONNULL = YES;
				CLANG_ANALYZER_NUMBER_OBJECT_CONVERSION = YES_AGGRESSIVE;
				CLANG_CXX_LANGUAGE_STANDARD = "gnu++14";
				CLANG_CXX_LIBRARY = "libc++";
				CLANG_ENABLE_MODULES = YES;
				CLANG_ENABLE_OBJC_ARC = YES;
				CLANG_WARN_BLOCK_CAPTURE_AUTORELEASING = YES;
				CLANG_WARN_BOOL_CONVERSION = YES;
				CLANG_WARN_COMMA = YES;
				CLANG_WARN_CONSTANT_CONVERSION = YES;
				CLANG_WARN_DIRECT_OBJC_ISA_USAGE = YES_ERROR;
				CLANG_WARN_DOCUMENTATION_COMMENTS = YES;
				CLANG_WARN_EMPTY_BODY = YES;
				CLANG_WARN_ENUM_CONVERSION = YES;
				CLANG_WARN_INFINITE_RECURSION = YES;
				CLANG_WARN_INT_CONVERSION = YES;
				CLANG_WARN_NON_LITERAL_NULL_CONVERSION = YES;
				CLANG_WARN_OBJC_LITERAL_CONVERSION = YES;
				CLANG_WARN_OBJC_ROOT_CLASS = YES_ERROR;
				CLANG_WARN_RANGE_LOOP_ANALYSIS = YES;
				CLANG_WARN_STRICT_PROTOTYPES = YES;
				CLANG_WARN_SUSPICIOUS_MOVE = YES;
				CLANG_WARN_UNGUARDED_AVAILABILITY = YES_AGGRESSIVE;
				CLANG_WARN_UNREACHABLE_CODE = YES;
				CLANG_WARN__DUPLICATE_METHOD_MATCH = YES;
				CODE_SIGN_IDENTITY = "iPhone Developer";
				COPY_PHASE_STRIP = NO;
				DEBUG_INFORMATION_FORMAT = dwarf;
				ENABLE_STRICT_OBJC_MSGSEND = YES;
				ENABLE_TESTABILITY = YES;
				GCC_C_LANGUAGE_STANDARD = gnu11;
				GCC_DYNAMIC_NO_PIC = NO;
				GCC_NO_COMMON_BLOCKS = YES;
				GCC_OPTIMIZATION_LEVEL = 0;
				GCC_PREPROCESSOR_DEFINITIONS = (
					"DEBUG=1",
					"$(inherited)",
				);
				GCC_WARN_64_TO_32_BIT_CONVERSION = YES;
				GCC_WARN_ABOUT_RETURN_TYPE = YES_ERROR;
				GCC_WARN_UNDECLARED_SELECTOR = YES;
				GCC_WARN_UNINITIALIZED_AUTOS = YES_AGGRESSIVE;
				GCC_WARN_UNUSED_FUNCTION = YES;
				GCC_WARN_UNUSED_VARIABLE = YES;
				IPHONEOS_DEPLOYMENT_TARGET = 11.2;
				MTL_ENABLE_DEBUG_INFO = YES;
				ONLY_ACTIVE_ARCH = YES;
				SDKROOT = iphoneos;
				SWIFT_ACTIVE_COMPILATION_CONDITIONS = DEBUG;
				SWIFT_OPTIMIZATION_LEVEL = "-Onone";
			};
			name = Debug;
		};
		DB062CDF204A199300357BA3 /* Release */ = {
			isa = XCBuildConfiguration;
			buildSettings = {
				ALWAYS_SEARCH_USER_PATHS = NO;
				CLANG_ANALYZER_NONNULL = YES;
				CLANG_ANALYZER_NUMBER_OBJECT_CONVERSION = YES_AGGRESSIVE;
				CLANG_CXX_LANGUAGE_STANDARD = "gnu++14";
				CLANG_CXX_LIBRARY = "libc++";
				CLANG_ENABLE_MODULES = YES;
				CLANG_ENABLE_OBJC_ARC = YES;
				CLANG_WARN_BLOCK_CAPTURE_AUTORELEASING = YES;
				CLANG_WARN_BOOL_CONVERSION = YES;
				CLANG_WARN_COMMA = YES;
				CLANG_WARN_CONSTANT_CONVERSION = YES;
				CLANG_WARN_DIRECT_OBJC_ISA_USAGE = YES_ERROR;
				CLANG_WARN_DOCUMENTATION_COMMENTS = YES;
				CLANG_WARN_EMPTY_BODY = YES;
				CLANG_WARN_ENUM_CONVERSION = YES;
				CLANG_WARN_INFINITE_RECURSION = YES;
				CLANG_WARN_INT_CONVERSION = YES;
				CLANG_WARN_NON_LITERAL_NULL_CONVERSION = YES;
				CLANG_WARN_OBJC_LITERAL_CONVERSION = YES;
				CLANG_WARN_OBJC_ROOT_CLASS = YES_ERROR;
				CLANG_WARN_RANGE_LOOP_ANALYSIS = YES;
				CLANG_WARN_STRICT_PROTOTYPES = YES;
				CLANG_WARN_SUSPICIOUS_MOVE = YES;
				CLANG_WARN_UNGUARDED_AVAILABILITY = YES_AGGRESSIVE;
				CLANG_WARN_UNREACHABLE_CODE = YES;
				CLANG_WARN__DUPLICATE_METHOD_MATCH = YES;
				CODE_SIGN_IDENTITY = "iPhone Developer";
				COPY_PHASE_STRIP = NO;
				DEBUG_INFORMATION_FORMAT = "dwarf-with-dsym";
				ENABLE_NS_ASSERTIONS = NO;
				ENABLE_STRICT_OBJC_MSGSEND = YES;
				GCC_C_LANGUAGE_STANDARD = gnu11;
				GCC_NO_COMMON_BLOCKS = YES;
				GCC_WARN_64_TO_32_BIT_CONVERSION = YES;
				GCC_WARN_ABOUT_RETURN_TYPE = YES_ERROR;
				GCC_WARN_UNDECLARED_SELECTOR = YES;
				GCC_WARN_UNINITIALIZED_AUTOS = YES_AGGRESSIVE;
				GCC_WARN_UNUSED_FUNCTION = YES;
				GCC_WARN_UNUSED_VARIABLE = YES;
				IPHONEOS_DEPLOYMENT_TARGET = 11.2;
				MTL_ENABLE_DEBUG_INFO = NO;
				SDKROOT = iphoneos;
				SWIFT_OPTIMIZATION_LEVEL = "-Owholemodule";
				VALIDATE_PRODUCT = YES;
			};
			name = Release;
		};
		DB062CE1204A199300357BA3 /* Debug */ = {
			isa = XCBuildConfiguration;
			baseConfigurationReference = CEB2A8244B1F2FDEF04C0DA7 /* Pods-Insert Dreams Here.debug.xcconfig */;
			buildSettings = {
				ASSETCATALOG_COMPILER_APPICON_NAME = AppIcon;
				CODE_SIGN_STYLE = Automatic;
				DEVELOPMENT_TEAM = Y83F4Y3649;
				INFOPLIST_FILE = "Insert Dreams Here/Info.plist";
				LD_RUNPATH_SEARCH_PATHS = "$(inherited) @executable_path/Frameworks";
				PRODUCT_BUNDLE_IDENTIFIER = edu.csumb.scd.ios.lazuli;
				PRODUCT_NAME = "$(TARGET_NAME)";
				SWIFT_VERSION = 4.0;
				TARGETED_DEVICE_FAMILY = "1,2";
			};
			name = Debug;
		};
		DB062CE2204A199300357BA3 /* Release */ = {
			isa = XCBuildConfiguration;
			baseConfigurationReference = 2403FBCE0F1C82112AC14603 /* Pods-Insert Dreams Here.release.xcconfig */;
			buildSettings = {
				ASSETCATALOG_COMPILER_APPICON_NAME = AppIcon;
				CODE_SIGN_STYLE = Automatic;
				DEVELOPMENT_TEAM = Y83F4Y3649;
				INFOPLIST_FILE = "Insert Dreams Here/Info.plist";
				LD_RUNPATH_SEARCH_PATHS = "$(inherited) @executable_path/Frameworks";
				PRODUCT_BUNDLE_IDENTIFIER = edu.csumb.scd.ios.lazuli;
				PRODUCT_NAME = "$(TARGET_NAME)";
				SWIFT_VERSION = 4.0;
				TARGETED_DEVICE_FAMILY = "1,2";
			};
			name = Release;
		};
		DB062CE4204A199300357BA3 /* Debug */ = {
			isa = XCBuildConfiguration;
			baseConfigurationReference = 637436C6D181561832830E77 /* Pods-Insert Dreams HereTests.debug.xcconfig */;
			buildSettings = {
				ALWAYS_EMBED_SWIFT_STANDARD_LIBRARIES = YES;
				BUNDLE_LOADER = "$(TEST_HOST)";
				CODE_SIGN_STYLE = Automatic;
				DEVELOPMENT_TEAM = PQ5CM398TH;
				INFOPLIST_FILE = "Insert Dreams HereTests/Info.plist";
				LD_RUNPATH_SEARCH_PATHS = "$(inherited) @executable_path/Frameworks @loader_path/Frameworks";
				PRODUCT_BUNDLE_IDENTIFIER = "edu.csumb.mma.Insert-Dreams-HereTests";
				PRODUCT_NAME = "$(TARGET_NAME)";
				SWIFT_VERSION = 4.0;
				TARGETED_DEVICE_FAMILY = "1,2";
				TEST_HOST = "$(BUILT_PRODUCTS_DIR)/Insert Dreams Here.app/Insert Dreams Here";
			};
			name = Debug;
		};
		DB062CE5204A199300357BA3 /* Release */ = {
			isa = XCBuildConfiguration;
			baseConfigurationReference = BDB17A6DA4F6E1CCAEC97130 /* Pods-Insert Dreams HereTests.release.xcconfig */;
			buildSettings = {
				ALWAYS_EMBED_SWIFT_STANDARD_LIBRARIES = YES;
				BUNDLE_LOADER = "$(TEST_HOST)";
				CODE_SIGN_STYLE = Automatic;
				DEVELOPMENT_TEAM = PQ5CM398TH;
				INFOPLIST_FILE = "Insert Dreams HereTests/Info.plist";
				LD_RUNPATH_SEARCH_PATHS = "$(inherited) @executable_path/Frameworks @loader_path/Frameworks";
				PRODUCT_BUNDLE_IDENTIFIER = "edu.csumb.mma.Insert-Dreams-HereTests";
				PRODUCT_NAME = "$(TARGET_NAME)";
				SWIFT_VERSION = 4.0;
				TARGETED_DEVICE_FAMILY = "1,2";
				TEST_HOST = "$(BUILT_PRODUCTS_DIR)/Insert Dreams Here.app/Insert Dreams Here";
			};
			name = Release;
		};
		DB062CE7204A199300357BA3 /* Debug */ = {
			isa = XCBuildConfiguration;
			baseConfigurationReference = 9262B85A230A10B584687066 /* Pods-Insert Dreams HereUITests.debug.xcconfig */;
			buildSettings = {
				ALWAYS_EMBED_SWIFT_STANDARD_LIBRARIES = YES;
				CODE_SIGN_STYLE = Automatic;
				DEVELOPMENT_TEAM = PQ5CM398TH;
				INFOPLIST_FILE = "Insert Dreams HereUITests/Info.plist";
				LD_RUNPATH_SEARCH_PATHS = "$(inherited) @executable_path/Frameworks @loader_path/Frameworks";
				PRODUCT_BUNDLE_IDENTIFIER = "edu.csumb.mma.Insert-Dreams-HereUITests";
				PRODUCT_NAME = "$(TARGET_NAME)";
				SWIFT_VERSION = 4.0;
				TARGETED_DEVICE_FAMILY = "1,2";
				TEST_TARGET_NAME = "Insert Dreams Here";
			};
			name = Debug;
		};
		DB062CE8204A199300357BA3 /* Release */ = {
			isa = XCBuildConfiguration;
			baseConfigurationReference = FBF544380C17CC80B6CE0A6F /* Pods-Insert Dreams HereUITests.release.xcconfig */;
			buildSettings = {
				ALWAYS_EMBED_SWIFT_STANDARD_LIBRARIES = YES;
				CODE_SIGN_STYLE = Automatic;
				DEVELOPMENT_TEAM = PQ5CM398TH;
				INFOPLIST_FILE = "Insert Dreams HereUITests/Info.plist";
				LD_RUNPATH_SEARCH_PATHS = "$(inherited) @executable_path/Frameworks @loader_path/Frameworks";
				PRODUCT_BUNDLE_IDENTIFIER = "edu.csumb.mma.Insert-Dreams-HereUITests";
				PRODUCT_NAME = "$(TARGET_NAME)";
				SWIFT_VERSION = 4.0;
				TARGETED_DEVICE_FAMILY = "1,2";
				TEST_TARGET_NAME = "Insert Dreams Here";
			};
			name = Release;
		};
/* End XCBuildConfiguration section */

/* Begin XCConfigurationList section */
		DB062CB3204A199300357BA3 /* Build configuration list for PBXProject "Insert Dreams Here" */ = {
			isa = XCConfigurationList;
			buildConfigurations = (
				DB062CDE204A199300357BA3 /* Debug */,
				DB062CDF204A199300357BA3 /* Release */,
			);
			defaultConfigurationIsVisible = 0;
			defaultConfigurationName = Release;
		};
		DB062CE0204A199300357BA3 /* Build configuration list for PBXNativeTarget "Insert Dreams Here" */ = {
			isa = XCConfigurationList;
			buildConfigurations = (
				DB062CE1204A199300357BA3 /* Debug */,
				DB062CE2204A199300357BA3 /* Release */,
			);
			defaultConfigurationIsVisible = 0;
			defaultConfigurationName = Release;
		};
		DB062CE3204A199300357BA3 /* Build configuration list for PBXNativeTarget "Insert Dreams HereTests" */ = {
			isa = XCConfigurationList;
			buildConfigurations = (
				DB062CE4204A199300357BA3 /* Debug */,
				DB062CE5204A199300357BA3 /* Release */,
			);
			defaultConfigurationIsVisible = 0;
			defaultConfigurationName = Release;
		};
		DB062CE6204A199300357BA3 /* Build configuration list for PBXNativeTarget "Insert Dreams HereUITests" */ = {
			isa = XCConfigurationList;
			buildConfigurations = (
				DB062CE7204A199300357BA3 /* Debug */,
				DB062CE8204A199300357BA3 /* Release */,
			);
			defaultConfigurationIsVisible = 0;
			defaultConfigurationName = Release;
		};
/* End XCConfigurationList section */
	};
	rootObject = DB062CB0204A199300357BA3 /* Project object */;
}
